
Microsoft Visual Studio Solution File, Format Version 12.00
# Visual Studio Version 16
VisualStudioVersion = 16.0.29806.167
MinimumVisualStudioVersion = 10.0.40219.1
Project("{FAE04EC0-301F-11D3-BF4B-00C04F79EFBC}") = "ApiExp.Android", "ApiExp\ApiExp.Android\ApiExp.Android.csproj", "{D96AED3E-4DC7-4A26-8217-030B5CE8203E}"
EndProject
Project("{FAE04EC0-301F-11D3-BF4B-00C04F79EFBC}") = "ApiExp.iOS", "ApiExp\ApiExp.iOS\ApiExp.iOS.csproj", "{20975EED-40A4-4CDD-87B2-A3FC07FC8D78}"
EndProject
Project("{FAE04EC0-301F-11D3-BF4B-00C04F79EFBC}") = "ApiExp", "ApiExp\ApiExp\ApiExp.csproj", "{5450EDF3-224D-4F10-87DD-77F27BE05550}"
EndProject
Global
	GlobalSection(SolutionConfigurationPlatforms) = preSolution
		Debug|Any CPU = Debug|Any CPU
		Debug|iPhone = Debug|iPhone
		Debug|iPhoneSimulator = Debug|iPhoneSimulator
		Release|Any CPU = Release|Any CPU
		Release|iPhone = Release|iPhone
		Release|iPhoneSimulator = Release|iPhoneSimulator
	EndGlobalSection
	GlobalSection(ProjectConfigurationPlatforms) = postSolution
		{D96AED3E-4DC7-4A26-8217-030B5CE8203E}.Debug|Any CPU.ActiveCfg = Debug|Any CPU
		{D96AED3E-4DC7-4A26-8217-030B5CE8203E}.Debug|Any CPU.Build.0 = Debug|Any CPU
		{D96AED3E-4DC7-4A26-8217-030B5CE8203E}.Debug|Any CPU.Deploy.0 = Debug|Any CPU
		{D96AED3E-4DC7-4A26-8217-030B5CE8203E}.Debug|iPhone.ActiveCfg = Debug|Any CPU
		{D96AED3E-4DC7-4A26-8217-030B5CE8203E}.Debug|iPhone.Build.0 = Debug|Any CPU
		{D96AED3E-4DC7-4A26-8217-030B5CE8203E}.Debug|iPhone.Deploy.0 = Debug|Any CPU
		{D96AED3E-4DC7-4A26-8217-030B5CE8203E}.Debug|iPhoneSimulator.ActiveCfg = Debug|Any CPU
		{D96AED3E-4DC7-4A26-8217-030B5CE8203E}.Debug|iPhoneSimulator.Build.0 = Debug|Any CPU
		{D96AED3E-4DC7-4A26-8217-030B5CE8203E}.Debug|iPhoneSimulator.Deploy.0 = Debug|Any CPU
		{D96AED3E-4DC7-4A26-8217-030B5CE8203E}.Release|Any CPU.ActiveCfg = Release|Any CPU
		{D96AED3E-4DC7-4A26-8217-030B5CE8203E}.Release|Any CPU.Build.0 = Release|Any CPU
		{D96AED3E-4DC7-4A26-8217-030B5CE8203E}.Release|Any CPU.Deploy.0 = Release|Any CPU
		{D96AED3E-4DC7-4A26-8217-030B5CE8203E}.Release|iPhone.ActiveCfg = Release|Any CPU
		{D96AED3E-4DC7-4A26-8217-030B5CE8203E}.Release|iPhone.Build.0 = Release|Any CPU
		{D96AED3E-4DC7-4A26-8217-030B5CE8203E}.Release|iPhone.Deploy.0 = Release|Any CPU
		{D96AED3E-4DC7-4A26-8217-030B5CE8203E}.Release|iPhoneSimulator.ActiveCfg = Release|Any CPU
		{D96AED3E-4DC7-4A26-8217-030B5CE8203E}.Release|iPhoneSimulator.Build.0 = Release|Any CPU
		{D96AED3E-4DC7-4A26-8217-030B5CE8203E}.Release|iPhoneSimulator.Deploy.0 = Release|Any CPU
		{20975EED-40A4-4CDD-87B2-A3FC07FC8D78}.Debug|Any CPU.ActiveCfg = Debug|iPhoneSimulator
		{20975EED-40A4-4CDD-87B2-A3FC07FC8D78}.Debug|Any CPU.Build.0 = Debug|iPhoneSimulator
		{20975EED-40A4-4CDD-87B2-A3FC07FC8D78}.Debug|Any CPU.Deploy.0 = Debug|iPhoneSimulator
		{20975EED-40A4-4CDD-87B2-A3FC07FC8D78}.Debug|iPhone.ActiveCfg = Debug|iPhone
		{20975EED-40A4-4CDD-87B2-A3FC07FC8D78}.Debug|iPhone.Build.0 = Debug|iPhone
		{20975EED-40A4-4CDD-87B2-A3FC07FC8D78}.Debug|iPhone.Deploy.0 = Debug|iPhone
		{20975EED-40A4-4CDD-87B2-A3FC07FC8D78}.Debug|iPhoneSimulator.ActiveCfg = Debug|iPhoneSimulator
		{20975EED-40A4-4CDD-87B2-A3FC07FC8D78}.Debug|iPhoneSimulator.Build.0 = Debug|iPhoneSimulator
		{20975EED-40A4-4CDD-87B2-A3FC07FC8D78}.Debug|iPhoneSimulator.Deploy.0 = Debug|iPhoneSimulator
		{20975EED-40A4-4CDD-87B2-A3FC07FC8D78}.Release|Any CPU.ActiveCfg = Release|iPhone
		{20975EED-40A4-4CDD-87B2-A3FC07FC8D78}.Release|Any CPU.Build.0 = Release|iPhone
		{20975EED-40A4-4CDD-87B2-A3FC07FC8D78}.Release|Any CPU.Deploy.0 = Release|iPhone
		{20975EED-40A4-4CDD-87B2-A3FC07FC8D78}.Release|iPhone.ActiveCfg = Release|iPhone
		{20975EED-40A4-4CDD-87B2-A3FC07FC8D78}.Release|iPhone.Build.0 = Release|iPhone
		{20975EED-40A4-4CDD-87B2-A3FC07FC8D78}.Release|iPhone.Deploy.0 = Release|iPhone
		{20975EED-40A4-4CDD-87B2-A3FC07FC8D78}.Release|iPhoneSimulator.ActiveCfg = Release|iPhoneSimulator
		{20975EED-40A4-4CDD-87B2-A3FC07FC8D78}.Release|iPhoneSimulator.Build.0 = Release|iPhoneSimulator
		{20975EED-40A4-4CDD-87B2-A3FC07FC8D78}.Release|iPhoneSimulator.Deploy.0 = Release|iPhoneSimulator
		{5450EDF3-224D-4F10-87DD-77F27BE05550}.Debug|Any CPU.ActiveCfg = Debug|Any CPU
		{5450EDF3-224D-4F10-87DD-77F27BE05550}.Debug|Any CPU.Build.0 = Debug|Any CPU
		{5450EDF3-224D-4F10-87DD-77F27BE05550}.Debug|Any CPU.Deploy.0 = Debug|Any CPU
		{5450EDF3-224D-4F10-87DD-77F27BE05550}.Debug|iPhone.ActiveCfg = Debug|Any CPU
		{5450EDF3-224D-4F10-87DD-77F27BE05550}.Debug|iPhone.Build.0 = Debug|Any CPU
		{5450EDF3-224D-4F10-87DD-77F27BE05550}.Debug|iPhone.Deploy.0 = Debug|Any CPU
		{5450EDF3-224D-4F10-87DD-77F27BE05550}.Debug|iPhoneSimulator.ActiveCfg = Debug|Any CPU
		{5450EDF3-224D-4F10-87DD-77F27BE05550}.Debug|iPhoneSimulator.Build.0 = Debug|Any CPU
		{5450EDF3-224D-4F10-87DD-77F27BE05550}.Debug|iPhoneSimulator.Deploy.0 = Debug|Any CPU
		{5450EDF3-224D-4F10-87DD-77F27BE05550}.Release|Any CPU.ActiveCfg = Release|Any CPU
		{5450EDF3-224D-4F10-87DD-77F27BE05550}.Release|Any CPU.Build.0 = Release|Any CPU
		{5450EDF3-224D-4F10-87DD-77F27BE05550}.Release|Any CPU.Deploy.0 = Release|Any CPU
		{5450EDF3-224D-4F10-87DD-77F27BE05550}.Release|iPhone.ActiveCfg = Release|Any CPU
		{5450EDF3-224D-4F10-87DD-77F27BE05550}.Release|iPhone.Build.0 = Release|Any CPU
		{5450EDF3-224D-4F10-87DD-77F27BE05550}.Release|iPhone.Deploy.0 = Release|Any CPU
		{5450EDF3-224D-4F10-87DD-77F27BE05550}.Release|iPhoneSimulator.ActiveCfg = Release|Any CPU
		{5450EDF3-224D-4F10-87DD-77F27BE05550}.Release|iPhoneSimulator.Build.0 = Release|Any CPU
		{5450EDF3-224D-4F10-87DD-77F27BE05550}.Release|iPhoneSimulator.Deploy.0 = Release|Any CPU
	EndGlobalSection
	GlobalSection(SolutionProperties) = preSolution
		HideSolutionNode = FALSE
	EndGlobalSection
	GlobalSection(ExtensibilityGlobals) = postSolution
		SolutionGuid = {57C9634D-97C3-4214-A207-B09305D91E5A}
	EndGlobalSection
EndGlobal
